// !$*UTF8*$!
{
	archiveVersion = 1;
	classes = {
	};
	objectVersion = 48;
	objects = {

/* Begin PBXBuildFile section */
		78179AE11F9892F300650178 /* AppDelegate.m in Sources */ = {isa = PBXBuildFile; fileRef = 78179AE01F9892F300650178 /* AppDelegate.m */; };
		78179AE41F9892F300650178 /* ViewController.m in Sources */ = {isa = PBXBuildFile; fileRef = 78179AE31F9892F300650178 /* ViewController.m */; };
		78179AE71F9892F300650178 /* Main.storyboard in Resources */ = {isa = PBXBuildFile; fileRef = 78179AE51F9892F300650178 /* Main.storyboard */; };
		78179AE91F9892F300650178 /* Assets.xcassets in Resources */ = {isa = PBXBuildFile; fileRef = 78179AE81F9892F300650178 /* Assets.xcassets */; };
		78179AEC1F9892F300650178 /* LaunchScreen.storyboard in Resources */ = {isa = PBXBuildFile; fileRef = 78179AEA1F9892F300650178 /* LaunchScreen.storyboard */; };
		78179AEF1F9892F300650178 /* main.m in Sources */ = {isa = PBXBuildFile; fileRef = 78179AEE1F9892F300650178 /* main.m */; };
		78179AF91F9892F400650178 /* testTests.m in Sources */ = {isa = PBXBuildFile; fileRef = 78179AF81F9892F400650178 /* testTests.m */; };
		78179B041F9892F400650178 /* testUITests.m in Sources */ = {isa = PBXBuildFile; fileRef = 78179B031F9892F400650178 /* testUITests.m */; };
/* End PBXBuildFile section */

/* Begin PBXContainerItemProxy section */
		78179AF51F9892F400650178 /* PBXContainerItemProxy */ = {
			isa = PBXContainerItemProxy;
			containerPortal = 78179AD41F9892F300650178 /* Project object */;
			proxyType = 1;
			remoteGlobalIDString = 78179ADB1F9892F300650178;
			remoteInfo = test;
		};
		78179B001F9892F400650178 /* PBXContainerItemProxy */ = {
			isa = PBXContainerItemProxy;
			containerPortal = 78179AD41F9892F300650178 /* Project object */;
			proxyType = 1;
			remoteGlobalIDString = 78179ADB1F9892F300650178;
			remoteInfo = test;
		};
/* End PBXContainerItemProxy section */

/* Begin PBXFileReference section */
		78179ADC1F9892F300650178 /* test.app */ = {isa = PBXFileReference; explicitFileType = wrapper.application; includeInIndex = 0; path = test.app; sourceTree = BUILT_PRODUCTS_DIR; };
		78179ADF1F9892F300650178 /* AppDelegate.h */ = {isa = PBXFileReference; lastKnownFileType = sourcecode.c.h; path = AppDelegate.h; sourceTree = "<group>"; };
		78179AE01F9892F300650178 /* AppDelegate.m */ = {isa = PBXFileReference; lastKnownFileType = sourcecode.c.objc; path = AppDelegate.m; sourceTree = "<group>"; };
		78179AE21F9892F300650178 /* ViewController.h */ = {isa = PBXFileReference; lastKnownFileType = sourcecode.c.h; path = ViewController.h; sourceTree = "<group>"; };
		78179AE31F9892F300650178 /* ViewController.m */ = {isa = PBXFileReference; lastKnownFileType = sourcecode.c.objc; path = ViewController.m; sourceTree = "<group>"; };
		78179AE61F9892F300650178 /* Base */ = {isa = PBXFileReference; lastKnownFileType = file.storyboard; name = Base; path = Base.lproj/Main.storyboard; sourceTree = "<group>"; };
		78179AE81F9892F300650178 /* Assets.xcassets */ = {isa = PBXFileReference; lastKnownFileType = folder.assetcatalog; path = Assets.xcassets; sourceTree = "<group>"; };
		78179AEB1F9892F300650178 /* Base */ = {isa = PBXFileReference; lastKnownFileType = file.storyboard; name = Base; path = Base.lproj/LaunchScreen.storyboard; sourceTree = "<group>"; };
		78179AED1F9892F300650178 /* Info.plist */ = {isa = PBXFileReference; lastKnownFileType = text.plist.xml; path = Info.plist; sourceTree = "<group>"; };
		78179AEE1F9892F300650178 /* main.m */ = {isa = PBXFileReference; lastKnownFileType = sourcecode.c.objc; path = main.m; sourceTree = "<group>"; };
		78179AF41F9892F400650178 /* testTests.xctest */ = {isa = PBXFileReference; explicitFileType = wrapper.cfbundle; includeInIndex = 0; path = testTests.xctest; sourceTree = BUILT_PRODUCTS_DIR; };
		78179AF81F9892F400650178 /* testTests.m */ = {isa = PBXFileReference; lastKnownFileType = sourcecode.c.objc; path = testTests.m; sourceTree = "<group>"; };
		78179AFA1F9892F400650178 /* Info.plist */ = {isa = PBXFileReference; lastKnownFileType = text.plist.xml; path = Info.plist; sourceTree = "<group>"; };
		78179AFF1F9892F400650178 /* testUITests.xctest */ = {isa = PBXFileReference; explicitFileType = wrapper.cfbundle; includeInIndex = 0; path = testUITests.xctest; sourceTree = BUILT_PRODUCTS_DIR; };
		78179B031F9892F400650178 /* testUITests.m */ = {isa = PBXFileReference; lastKnownFileType = sourcecode.c.objc; path = testUITests.m; sourceTree = "<group>"; };
		78179B051F9892F400650178 /* Info.plist */ = {isa = PBXFileReference; lastKnownFileType = text.plist.xml; path = Info.plist; sourceTree = "<group>"; };
/* End PBXFileReference section */

/* Begin PBXFrameworksBuildPhase section */
		78179AD91F9892F300650178 /* Frameworks */ = {
			isa = PBXFrameworksBuildPhase;
			buildActionMask = 2147483647;
			files = (
			);
			runOnlyForDeploymentPostprocessing = 0;
		};
		78179AF11F9892F400650178 /* Frameworks */ = {
			isa = PBXFrameworksBuildPhase;
			buildActionMask = 2147483647;
			files = (
			);
			runOnlyForDeploymentPostprocessing = 0;
		};
		78179AFC1F9892F400650178 /* Frameworks */ = {
			isa = PBXFrameworksBuildPhase;
			buildActionMask = 2147483647;
			files = (
			);
			runOnlyForDeploymentPostprocessing = 0;
		};
/* End PBXFrameworksBuildPhase section */

/* Begin PBXGroup section */
		78179AD31F9892F300650178 = {
			isa = PBXGroup;
			children = (
				78179ADE1F9892F300650178 /* test */,
				78179AF71F9892F400650178 /* testTests */,
				78179B021F9892F400650178 /* testUITests */,
				78179ADD1F9892F300650178 /* Products */,
			);
			sourceTree = "<group>";
		};
		78179ADD1F9892F300650178 /* Products */ = {
			isa = PBXGroup;
			children = (
				78179ADC1F9892F300650178 /* test.app */,
				78179AF41F9892F400650178 /* testTests.xctest */,
				78179AFF1F9892F400650178 /* testUITests.xctest */,
			);
			name = Products;
			sourceTree = "<group>";
		};
		78179ADE1F9892F300650178 /* test */ = {
			isa = PBXGroup;
			children = (
				78179ADF1F9892F300650178 /* AppDelegate.h */,
				78179AE01F9892F300650178 /* AppDelegate.m */,
				78179AE21F9892F300650178 /* ViewController.h */,
				78179AE31F9892F300650178 /* ViewController.m */,
				78179AE51F9892F300650178 /* Main.storyboard */,
				78179AE81F9892F300650178 /* Assets.xcassets */,
				78179AEA1F9892F300650178 /* LaunchScreen.storyboard */,
				78179AED1F9892F300650178 /* Info.plist */,
				78179AEE1F9892F300650178 /* main.m */,
			);
			path = test;
			sourceTree = "<group>";
		};
		78179AF71F9892F400650178 /* testTests */ = {
			isa = PBXGroup;
			children = (
				78179AF81F9892F400650178 /* testTests.m */,
				78179AFA1F9892F400650178 /* Info.plist */,
			);
			path = testTests;
			sourceTree = "<group>";
		};
		78179B021F9892F400650178 /* testUITests */ = {
			isa = PBXGroup;
			children = (
				78179B031F9892F400650178 /* testUITests.m */,
				78179B051F9892F400650178 /* Info.plist */,
			);
			path = testUITests;
			sourceTree = "<group>";
		};
/* End PBXGroup section */

/* Begin PBXNativeTarget section */
		78179ADB1F9892F300650178 /* test */ = {
			isa = PBXNativeTarget;
			buildConfigurationList = 78179B081F9892F400650178 /* Build configuration list for PBXNativeTarget "test" */;
			buildPhases = (
				78179AD81F9892F300650178 /* Sources */,
				78179AD91F9892F300650178 /* Frameworks */,
				78179ADA1F9892F300650178 /* Resources */,
			);
			buildRules = (
			);
			dependencies = (
			);
			name = test;
			productName = test;
			productReference = 78179ADC1F9892F300650178 /* test.app */;
			productType = "com.apple.product-type.application";
		};
		78179AF31F9892F400650178 /* testTests */ = {
			isa = PBXNativeTarget;
			buildConfigurationList = 78179B0B1F9892F400650178 /* Build configuration list for PBXNativeTarget "testTests" */;
			buildPhases = (
				78179AF01F9892F400650178 /* Sources */,
				78179AF11F9892F400650178 /* Frameworks */,
				78179AF21F9892F400650178 /* Resources */,
			);
			buildRules = (
			);
			dependencies = (
				78179AF61F9892F400650178 /* PBXTargetDependency */,
			);
			name = testTests;
			productName = testTests;
			productReference = 78179AF41F9892F400650178 /* testTests.xctest */;
			productType = "com.apple.product-type.bundle.unit-test";
		};
		78179AFE1F9892F400650178 /* testUITests */ = {
			isa = PBXNativeTarget;
			buildConfigurationList = 78179B0E1F9892F400650178 /* Build configuration list for PBXNativeTarget "testUITests" */;
			buildPhases = (
				78179AFB1F9892F400650178 /* Sources */,
				78179AFC1F9892F400650178 /* Frameworks */,
				78179AFD1F9892F400650178 /* Resources */,
			);
			buildRules = (
			);
			dependencies = (
				78179B011F9892F400650178 /* PBXTargetDependency */,
			);
			name = testUITests;
			productName = testUITests;
			productReference = 78179AFF1F9892F400650178 /* testUITests.xctest */;
			productType = "com.apple.product-type.bundle.ui-testing";
		};
/* End PBXNativeTarget section */

/* Begin PBXProject section */
		78179AD41F9892F300650178 /* Project object */ = {
			isa = PBXProject;
			attributes = {
				LastUpgradeCheck = 0900;
				ORGANIZATIONNAME = zl;
				TargetAttributes = {
					78179ADB1F9892F300650178 = {
						CreatedOnToolsVersion = 9.0;
						ProvisioningStyle = Automatic;
					};
					78179AF31F9892F400650178 = {
						CreatedOnToolsVersion = 9.0;
						ProvisioningStyle = Automatic;
						TestTargetID = 78179ADB1F9892F300650178;
					};
					78179AFE1F9892F400650178 = {
						CreatedOnToolsVersion = 9.0;
						ProvisioningStyle = Automatic;
						TestTargetID = 78179ADB1F9892F300650178;
					};
				};
			};
			buildConfigurationList = 78179AD71F9892F300650178 /* Build configuration list for PBXProject "test" */;
			compatibilityVersion = "Xcode 8.0";
			developmentRegion = en;
			hasScannedForEncodings = 0;
			knownRegions = (
				en,
				Base,
			);
			mainGroup = 78179AD31F9892F300650178;
			productRefGroup = 78179ADD1F9892F300650178 /* Products */;
			projectDirPath = "";
			projectRoot = "";
			targets = (
				78179ADB1F9892F300650178 /* test */,
				78179AF31F9892F400650178 /* testTests */,
				78179AFE1F9892F400650178 /* testUITests */,
			);
		};
/* End PBXProject section */

/* Begin PBXResourcesBuildPhase section */
		78179ADA1F9892F300650178 /* Resources */ = {
			isa = PBXResourcesBuildPhase;
			buildActionMask = 2147483647;
			files = (
				78179AEC1F9892F300650178 /* LaunchScreen.storyboard in Resources */,
				78179AE91F9892F300650178 /* Assets.xcassets in Resources */,
				78179AE71F9892F300650178 /* Main.storyboard in Resources */,
			);
			runOnlyForDeploymentPostprocessing = 0;
		};
		78179AF21F9892F400650178 /* Resources */ = {
			isa = PBXResourcesBuildPhase;
			buildActionMask = 2147483647;
			files = (
			);
			runOnlyForDeploymentPostprocessing = 0;
		};
		78179AFD1F9892F400650178 /* Resources */ = {
			isa = PBXResourcesBuildPhase;
			buildActionMask = 2147483647;
			files = (
			);
			runOnlyForDeploymentPostprocessing = 0;
		};
/* End PBXResourcesBuildPhase section */

/* Begin PBXSourcesBuildPhase section */
		78179AD81F9892F300650178 /* Sources */ = {
			isa = PBXSourcesBuildPhase;
			buildActionMask = 2147483647;
			files = (
				78179AE41F9892F300650178 /* ViewController.m in Sources */,
				78179AEF1F9892F300650178 /* main.m in Sources */,
				78179AE11F9892F300650178 /* AppDelegate.m in Sources */,
			);
			runOnlyForDeploymentPostprocessing = 0;
		};
		78179AF01F9892F400650178 /* Sources */ = {
			isa = PBXSourcesBuildPhase;
			buildActionMask = 2147483647;
			files = (
				78179AF91F9892F400650178 /* testTests.m in Sources */,
			);
			runOnlyForDeploymentPostprocessing = 0;
		};
		78179AFB1F9892F400650178 /* Sources */ = {
			isa = PBXSourcesBuildPhase;
			buildActionMask = 2147483647;
			files = (
				78179B041F9892F400650178 /* testUITests.m in Sources */,
			);
			runOnlyForDeploymentPostprocessing = 0;
		};
/* End PBXSourcesBuildPhase section */

/* Begin PBXTargetDependency section */
		78179AF61F9892F400650178 /* PBXTargetDependency */ = {
			isa = PBXTargetDependency;
			target = 78179ADB1F9892F300650178 /* test */;
			targetProxy = 78179AF51F9892F400650178 /* PBXContainerItemProxy */;
		};
		78179B011F9892F400650178 /* PBXTargetDependency */ = {
			isa = PBXTargetDependency;
			target = 78179ADB1F9892F300650178 /* test */;
			targetProxy = 78179B001F9892F400650178 /* PBXContainerItemProxy */;
		};
/* End PBXTargetDependency section */

/* Begin PBXVariantGroup section */
		78179AE51F9892F300650178 /* Main.storyboard */ = {
			isa = PBXVariantGroup;
			children = (
				78179AE61F9892F300650178 /* Base */,
			);
			name = Main.storyboard;
			sourceTree = "<group>";
		};
		78179AEA1F9892F300650178 /* LaunchScreen.storyboard */ = {
			isa = PBXVariantGroup;
			children = (
				78179AEB1F9892F300650178 /* Base */,
			);
			name = LaunchScreen.storyboard;
			sourceTree = "<group>";
		};
/* End PBXVariantGroup section */

/* Begin XCBuildConfiguration section */
		78179B061F9892F400650178 /* Debug */ = {
			isa = XCBuildConfiguration;
			buildSettings = {
				ALWAYS_SEARCH_USER_PATHS = NO;
				CLANG_ANALYZER_NONNULL = YES;
				CLANG_ANALYZER_NUMBER_OBJECT_CONVERSION = YES_AGGRESSIVE;
				CLANG_CXX_LANGUAGE_STANDARD = "gnu++14";
				CLANG_CXX_LIBRARY = "libc++";
				CLANG_ENABLE_MODULES = YES;
				CLANG_ENABLE_OBJC_ARC = YES;
				CLANG_WARN_BLOCK_CAPTURE_AUTORELEASING = YES;
				CLANG_WARN_BOOL_CONVERSION = YES;
				CLANG_WARN_COMMA = YES;
				CLANG_WARN_CONSTANT_CONVERSION = YES;
				CLANG_WARN_DIRECT_OBJC_ISA_USAGE = YES_ERROR;
				CLANG_WARN_DOCUMENTATION_COMMENTS = YES;
				CLANG_WARN_EMPTY_BODY = YES;
				CLANG_WARN_ENUM_CONVERSION = YES;
				CLANG_WARN_INFINITE_RECURSION = YES;
				CLANG_WARN_INT_CONVERSION = YES;
				CLANG_WARN_NON_LITERAL_NULL_CONVERSION = YES;
				CLANG_WARN_OBJC_LITERAL_CONVERSION = YES;
				CLANG_WARN_OBJC_ROOT_CLASS = YES_ERROR;
				CLANG_WARN_RANGE_LOOP_ANALYSIS = YES;
				CLANG_WARN_STRICT_PROTOTYPES = YES;
				CLANG_WARN_SUSPICIOUS_MOVE = YES;
				CLANG_WARN_UNGUARDED_AVAILABILITY = YES_AGGRESSIVE;
				CLANG_WARN_UNREACHABLE_CODE = YES;
				CLANG_WARN__DUPLICATE_METHOD_MATCH = YES;
				CODE_SIGN_IDENTITY = "iPhone Developer";
				COPY_PHASE_STRIP = NO;
				DEBUG_INFORMATION_FORMAT = dwarf;
				ENABLE_STRICT_OBJC_MSGSEND = YES;
				ENABLE_TESTABILITY = YES;
				GCC_C_LANGUAGE_STANDARD = gnu11;
				GCC_DYNAMIC_NO_PIC = NO;
				GCC_NO_COMMON_BLOCKS = YES;
				GCC_OPTIMIZATION_LEVEL = 0;
				GCC_PREPROCESSOR_DEFINITIONS = (
					"DEBUG=1",
					"$(inherited)",
				);
				GCC_WARN_64_TO_32_BIT_CONVERSION = YES;
				GCC_WARN_ABOUT_RETURN_TYPE = YES_ERROR;
				GCC_WARN_UNDECLARED_SELECTOR = YES;
				GCC_WARN_UNINITIALIZED_AUTOS = YES_AGGRESSIVE;
				GCC_WARN_UNUSED_FUNCTION = YES;
				GCC_WARN_UNUSED_VARIABLE = YES;
				IPHONEOS_DEPLOYMENT_TARGET = 11.0;
				MTL_ENABLE_DEBUG_INFO = YES;
				ONLY_ACTIVE_ARCH = YES;
				SDKROOT = iphoneos;
			};
			name = Debug;
		};
		78179B071F9892F400650178 /* Release */ = {
			isa = XCBuildConfiguration;
			buildSettings = {
				ALWAYS_SEARCH_USER_PATHS = NO;
				CLANG_ANALYZER_NONNULL = YES;
				CLANG_ANALYZER_NUMBER_OBJECT_CONVERSION = YES_AGGRESSIVE;
				CLANG_CXX_LANGUAGE_STANDARD = "gnu++14";
				CLANG_CXX_LIBRARY = "libc++";
				CLANG_ENABLE_MODULES = YES;
				CLANG_ENABLE_OBJC_ARC = YES;
				CLANG_WARN_BLOCK_CAPTURE_AUTORELEASING = YES;
				CLANG_WARN_BOOL_CONVERSION = YES;
				CLANG_WARN_COMMA = YES;
				CLANG_WARN_CONSTANT_CONVERSION = YES;
				CLANG_WARN_DIRECT_OBJC_ISA_USAGE = YES_ERROR;
				CLANG_WARN_DOCUMENTATION_COMMENTS = YES;
				CLANG_WARN_EMPTY_BODY = YES;
				CLANG_WARN_ENUM_CONVERSION = YES;
				CLANG_WARN_INFINITE_RECURSION = YES;
				CLANG_WARN_INT_CONVERSION = YES;
				CLANG_WARN_NON_LITERAL_NULL_CONVERSION = YES;
				CLANG_WARN_OBJC_LITERAL_CONVERSION = YES;
				CLANG_WARN_OBJC_ROOT_CLASS = YES_ERROR;
				CLANG_WARN_RANGE_LOOP_ANALYSIS = YES;
				CLANG_WARN_STRICT_PROTOTYPES = YES;
				CLANG_WARN_SUSPICIOUS_MOVE = YES;
				CLANG_WARN_UNGUARDED_AVAILABILITY = YES_AGGRESSIVE;
				CLANG_WARN_UNREACHABLE_CODE = YES;
				CLANG_WARN__DUPLICATE_METHOD_MATCH = YES;
				CODE_SIGN_IDENTITY = "iPhone Developer";
				COPY_PHASE_STRIP = NO;
				DEBUG_INFORMATION_FORMAT = "dwarf-with-dsym";
				ENABLE_NS_ASSERTIONS = NO;
				ENABLE_STRICT_OBJC_MSGSEND = YES;
				GCC_C_LANGUAGE_STANDARD = gnu11;
				GCC_NO_COMMON_BLOCKS = YES;
				GCC_WARN_64_TO_32_BIT_CONVERSION = YES;
				GCC_WARN_ABOUT_RETURN_TYPE = YES_ERROR;
				GCC_WARN_UNDECLARED_SELECTOR = YES;
				GCC_WARN_UNINITIALIZED_AUTOS = YES_AGGRESSIVE;
				GCC_WARN_UNUSED_FUNCTION = YES;
				GCC_WARN_UNUSED_VARIABLE = YES;
				IPHONEOS_DEPLOYMENT_TARGET = 11.0;
				MTL_ENABLE_DEBUG_INFO = NO;
				SDKROOT = iphoneos;
				VALIDATE_PRODUCT = YES;
			};
			name = Release;
		};
		78179B091F9892F400650178 /* Debug */ = {
			isa = XCBuildConfiguration;
			buildSettings = {
				ASSETCATALOG_COMPILER_APPICON_NAME = AppIcon;
				CODE_SIGN_STYLE = Automatic;
				DEVELOPMENT_TEAM = 8SJGMTZ5GQ;
				INFOPLIST_FILE = test/Info.plist;
				LD_RUNPATH_SEARCH_PATHS = "$(inherited) @executable_path/Frameworks";
				PRODUCT_BUNDLE_IDENTIFIER = www.wangjingyang.test;
				PRODUCT_NAME = "$(TARGET_NAME)";
				TARGETED_DEVICE_FAMILY = "1,2";
			};
			name = Debug;
		};
		78179B0A1F9892F400650178 /* Release */ = {
			isa = XCBuildConfiguration;
			buildSettings = {
				ASSETCATALOG_COMPILER_APPICON_NAME = AppIcon;
				CODE_SIGN_STYLE = Automatic;
				DEVELOPMENT_TEAM = 8SJGMTZ5GQ;
				INFOPLIST_FILE = test/Info.plist;
				LD_RUNPATH_SEARCH_PATHS = "$(inherited) @executable_path/Frameworks";
				PRODUCT_BUNDLE_IDENTIFIER = www.wangjingyang.test;
				PRODUCT_NAME = "$(TARGET_NAME)";
				TARGETED_DEVICE_FAMILY = "1,2";
			};
			name = Release;
		};
		78179B0C1F9892F400650178 /* Debug */ = {
			isa = XCBuildConfiguration;
			buildSettings = {
				BUNDLE_LOADER = "$(TEST_HOST)";
				CODE_SIGN_STYLE = Automatic;
				DEVELOPMENT_TEAM = 8SJGMTZ5GQ;
				INFOPLIST_FILE = testTests/Info.plist;
				LD_RUNPATH_SEARCH_PATHS = "$(inherited) @executable_path/Frameworks @loader_path/Frameworks";
				PRODUCT_BUNDLE_IDENTIFIER = www.wangjingyang.testTests;
				PRODUCT_NAME = "$(TARGET_NAME)";
				TARGETED_DEVICE_FAMILY = "1,2";
				TEST_HOST = "$(BUILT_PRODUCTS_DIR)/test.app/test";
			};
			name = Debug;
		};
		78179B0D1F9892F400650178 /* Release */ = {
			isa = XCBuildConfiguration;
			buildSettings = {
				BUNDLE_LOADER = "$(TEST_HOST)";
				CODE_SIGN_STYLE = Automatic;
				DEVELOPMENT_TEAM = 8SJGMTZ5GQ;
				INFOPLIST_FILE = testTests/Info.plist;
				LD_RUNPATH_SEARCH_PATHS = "$(inherited) @executable_path/Frameworks @loader_path/Frameworks";
				PRODUCT_BUNDLE_IDENTIFIER = www.wangjingyang.testTests;
				PRODUCT_NAME = "$(TARGET_NAME)";
				TARGETED_DEVICE_FAMILY = "1,2";
				TEST_HOST = "$(BUILT_PRODUCTS_DIR)/test.app/test";
			};
			name = Release;
		};
		78179B0F1F9892F400650178 /* Debug */ = {
			isa = XCBuildConfiguration;
			buildSettings = {
				CODE_SIGN_STYLE = Automatic;
				DEVELOPMENT_TEAM = 8SJGMTZ5GQ;
				INFOPLIST_FILE = testUITests/Info.plist;
				LD_RUNPATH_SEARCH_PATHS = "$(inherited) @executable_path/Frameworks @loader_path/Frameworks";
				PRODUCT_BUNDLE_IDENTIFIER = www.wangjingyang.testUITests;
				PRODUCT_NAME = "$(TARGET_NAME)";
				TARGETED_DEVICE_FAMILY = "1,2";
				TEST_TARGET_NAME = test;
			};
			name = Debug;
		};
		78179B101F9892F400650178 /* Release */ = {
			isa = XCBuildConfiguration;
			buildSettings = {
				CODE_SIGN_STYLE = Automatic;
				DEVELOPMENT_TEAM = 8SJGMTZ5GQ;
				INFOPLIST_FILE = testUITests/Info.plist;
				LD_RUNPATH_SEARCH_PATHS = "$(inherited) @executable_path/Frameworks @loader_path/Frameworks";
				PRODUCT_BUNDLE_IDENTIFIER = www.wangjingyang.testUITests;
				PRODUCT_NAME = "$(TARGET_NAME)";
				TARGETED_DEVICE_FAMILY = "1,2";
				TEST_TARGET_NAME = test;
			};
			name = Release;
		};
/* End XCBuildConfiguration section */

/* Begin XCConfigurationList section */
		78179AD71F9892F300650178 /* Build configuration list for PBXProject "test" */ = {
			isa = XCConfigurationList;
			buildConfigurations = (
				78179B061F9892F400650178 /* Debug */,
				78179B071F9892F400650178 /* Release */,
			);
			defaultConfigurationIsVisible = 0;
			defaultConfigurationName = Release;
		};
		78179B081F9892F400650178 /* Build configuration list for PBXNativeTarget "test" */ = {
			isa = XCConfigurationList;
			buildConfigurations = (
				78179B091F9892F400650178 /* Debug */,
				78179B0A1F9892F400650178 /* Release */,
			);
			defaultConfigurationIsVisible = 0;
			defaultConfigurationName = Release;
		};
		78179B0B1F9892F400650178 /* Build configuration list for PBXNativeTarget "testTests" */ = {
			isa = XCConfigurationList;
			buildConfigurations = (
				78179B0C1F9892F400650178 /* Debug */,
				78179B0D1F9892F400650178 /* Release */,
			);
			defaultConfigurationIsVisible = 0;
			defaultConfigurationName = Release;
		};
		78179B0E1F9892F400650178 /* Build configuration list for PBXNativeTarget "testUITests" */ = {
			isa = XCConfigurationList;
			buildConfigurations = (
				78179B0F1F9892F400650178 /* Debug */,
				78179B101F9892F400650178 /* Release */,
			);
			defaultConfigurationIsVisible = 0;
			defaultConfigurationName = Release;
		};
/* End XCConfigurationList section */
	};
	rootObject = 78179AD41F9892F300650178 /* Project object */;
}
